
Microsoft Visual Studio Solution File, Format Version 12.00
# Visual Studio Version 16
VisualStudioVersion = 16.0.29324.140
MinimumVisualStudioVersion = 10.0.40219.1
Project("{8BC9CEB8-8B4A-11D0-8D11-00A0C91BC942}") = "LP_Lab16", "LP_Lab14\LP_Lab14.vcxproj", "{195BBACE-9BD3-400E-A853-B48F3C18A614}"
EndProject
Project("{8BC9CEB8-8B4A-11D0-8D11-00A0C91BC942}") = "LP_asm01", "LP_asm01\LP_asm01.vcxproj", "{6BDDD981-9F57-4854-BEF4-3E6A7A82A807}"
EndProject
Project("{8BC9CEB8-8B4A-11D0-8D11-00A0C91BC942}") = "LP_asm01a", "LP_asm01a\LP_asm01a.vcxproj", "{C2BF847E-165C-4AB7-A4E5-FD8A0A028FB9}"
EndProject
Project("{8BC9CEB8-8B4A-11D0-8D11-00A0C91BC942}") = "LP_asm01b", "LP_asm01b\LP_asm01b.vcxproj", "{2C9D02F7-2CE6-4139-B726-77AC667B7A2A}"
EndProject
Project("{8BC9CEB8-8B4A-11D0-8D11-00A0C91BC942}") = "LP_asm01c", "LP_asm01c\LP_asm01c.vcxproj", "{0DC62547-3313-43AB-9BFE-7BC047363116}"
EndProject
Project("{8BC9CEB8-8B4A-11D0-8D11-00A0C91BC942}") = "LP_asm01d", "LP_asm01d\LP_asm01d.vcxproj", "{BF3CCE93-26AF-4202-977C-ABB5DB73AF85}"
EndProject
Project("{8BC9CEB8-8B4A-11D0-8D11-00A0C91BC942}") = "LP_asm01e", "LP_asm01e\LP_asm01e.vcxproj", "{C65D936F-1E76-49AD-8517-E592A2FA6966}"
EndProject
Global
	GlobalSection(SolutionConfigurationPlatforms) = preSolution
		Debug|x64 = Debug|x64
		Debug|x86 = Debug|x86
		Release|x64 = Release|x64
		Release|x86 = Release|x86
	EndGlobalSection
	GlobalSection(ProjectConfigurationPlatforms) = postSolution
		{195BBACE-9BD3-400E-A853-B48F3C18A614}.Debug|x64.ActiveCfg = Debug|x64
		{195BBACE-9BD3-400E-A853-B48F3C18A614}.Debug|x64.Build.0 = Debug|x64
		{195BBACE-9BD3-400E-A853-B48F3C18A614}.Debug|x86.ActiveCfg = Debug|Win32
		{195BBACE-9BD3-400E-A853-B48F3C18A614}.Debug|x86.Build.0 = Debug|Win32
		{195BBACE-9BD3-400E-A853-B48F3C18A614}.Release|x64.ActiveCfg = Release|x64
		{195BBACE-9BD3-400E-A853-B48F3C18A614}.Release|x64.Build.0 = Release|x64
		{195BBACE-9BD3-400E-A853-B48F3C18A614}.Release|x86.ActiveCfg = Release|Win32
		{195BBACE-9BD3-400E-A853-B48F3C18A614}.Release|x86.Build.0 = Release|Win32
		{6BDDD981-9F57-4854-BEF4-3E6A7A82A807}.Debug|x64.ActiveCfg = Debug|x64
		{6BDDD981-9F57-4854-BEF4-3E6A7A82A807}.Debug|x64.Build.0 = Debug|x64
		{6BDDD981-9F57-4854-BEF4-3E6A7A82A807}.Debug|x86.ActiveCfg = Debug|Win32
		{6BDDD981-9F57-4854-BEF4-3E6A7A82A807}.Debug|x86.Build.0 = Debug|Win32
		{6BDDD981-9F57-4854-BEF4-3E6A7A82A807}.Release|x64.ActiveCfg = Release|x64
		{6BDDD981-9F57-4854-BEF4-3E6A7A82A807}.Release|x64.Build.0 = Release|x64
		{6BDDD981-9F57-4854-BEF4-3E6A7A82A807}.Release|x86.ActiveCfg = Release|Win32
		{6BDDD981-9F57-4854-BEF4-3E6A7A82A807}.Release|x86.Build.0 = Release|Win32
		{C2BF847E-165C-4AB7-A4E5-FD8A0A028FB9}.Debug|x64.ActiveCfg = Debug|x64
		{C2BF847E-165C-4AB7-A4E5-FD8A0A028FB9}.Debug|x64.Build.0 = Debug|x64
		{C2BF847E-165C-4AB7-A4E5-FD8A0A028FB9}.Debug|x86.ActiveCfg = Debug|Win32
		{C2BF847E-165C-4AB7-A4E5-FD8A0A028FB9}.Debug|x86.Build.0 = Debug|Win32
		{C2BF847E-165C-4AB7-A4E5-FD8A0A028FB9}.Release|x64.ActiveCfg = Release|x64
		{C2BF847E-165C-4AB7-A4E5-FD8A0A028FB9}.Release|x64.Build.0 = Release|x64
		{C2BF847E-165C-4AB7-A4E5-FD8A0A028FB9}.Release|x86.ActiveCfg = Release|Win32
		{C2BF847E-165C-4AB7-A4E5-FD8A0A028FB9}.Release|x86.Build.0 = Release|Win32
		{2C9D02F7-2CE6-4139-B726-77AC667B7A2A}.Debug|x64.ActiveCfg = Debug|x64
		{2C9D02F7-2CE6-4139-B726-77AC667B7A2A}.Debug|x64.Build.0 = Debug|x64
		{2C9D02F7-2CE6-4139-B726-77AC667B7A2A}.Debug|x86.ActiveCfg = Debug|Win32
		{2C9D02F7-2CE6-4139-B726-77AC667B7A2A}.Debug|x86.Build.0 = Debug|Win32
		{2C9D02F7-2CE6-4139-B726-77AC667B7A2A}.Release|x64.ActiveCfg = Release|x64
		{2C9D02F7-2CE6-4139-B726-77AC667B7A2A}.Release|x64.Build.0 = Release|x64
		{2C9D02F7-2CE6-4139-B726-77AC667B7A2A}.Release|x86.ActiveCfg = Release|Win32
		{2C9D02F7-2CE6-4139-B726-77AC667B7A2A}.Release|x86.Build.0 = Release|Win32
		{0DC62547-3313-43AB-9BFE-7BC047363116}.Debug|x64.ActiveCfg = Debug|x64
		{0DC62547-3313-43AB-9BFE-7BC047363116}.Debug|x64.Build.0 = Debug|x64
		{0DC62547-3313-43AB-9BFE-7BC047363116}.Debug|x86.ActiveCfg = Debug|Win32
		{0DC62547-3313-43AB-9BFE-7BC047363116}.Debug|x86.Build.0 = Debug|Win32
		{0DC62547-3313-43AB-9BFE-7BC047363116}.Release|x64.ActiveCfg = Release|x64
		{0DC62547-3313-43AB-9BFE-7BC047363116}.Release|x64.Build.0 = Release|x64
		{0DC62547-3313-43AB-9BFE-7BC047363116}.Release|x86.ActiveCfg = Release|Win32
		{0DC62547-3313-43AB-9BFE-7BC047363116}.Release|x86.Build.0 = Release|Win32
		{BF3CCE93-26AF-4202-977C-ABB5DB73AF85}.Debug|x64.ActiveCfg = Debug|x64
		{BF3CCE93-26AF-4202-977C-ABB5DB73AF85}.Debug|x64.Build.0 = Debug|x64
		{BF3CCE93-26AF-4202-977C-ABB5DB73AF85}.Debug|x86.ActiveCfg = Debug|Win32
		{BF3CCE93-26AF-4202-977C-ABB5DB73AF85}.Debug|x86.Build.0 = Debug|Win32
		{BF3CCE93-26AF-4202-977C-ABB5DB73AF85}.Release|x64.ActiveCfg = Release|x64
		{BF3CCE93-26AF-4202-977C-ABB5DB73AF85}.Release|x64.Build.0 = Release|x64
		{BF3CCE93-26AF-4202-977C-ABB5DB73AF85}.Release|x86.ActiveCfg = Release|Win32
		{BF3CCE93-26AF-4202-977C-ABB5DB73AF85}.Release|x86.Build.0 = Release|Win32
		{C65D936F-1E76-49AD-8517-E592A2FA6966}.Debug|x64.ActiveCfg = Debug|x64
		{C65D936F-1E76-49AD-8517-E592A2FA6966}.Debug|x64.Build.0 = Debug|x64
		{C65D936F-1E76-49AD-8517-E592A2FA6966}.Debug|x86.ActiveCfg = Debug|Win32
		{C65D936F-1E76-49AD-8517-E592A2FA6966}.Debug|x86.Build.0 = Debug|Win32
		{C65D936F-1E76-49AD-8517-E592A2FA6966}.Release|x64.ActiveCfg = Release|x64
		{C65D936F-1E76-49AD-8517-E592A2FA6966}.Release|x64.Build.0 = Release|x64
		{C65D936F-1E76-49AD-8517-E592A2FA6966}.Release|x86.ActiveCfg = Release|Win32
		{C65D936F-1E76-49AD-8517-E592A2FA6966}.Release|x86.Build.0 = Release|Win32
	EndGlobalSection
	GlobalSection(SolutionProperties) = preSolution
		HideSolutionNode = FALSE
	EndGlobalSection
	GlobalSection(ExtensibilityGlobals) = postSolution
		SolutionGuid = {DBEBB40C-287C-4893-9504-538DB7576378}
	EndGlobalSection
EndGlobal
